{
  "name": "dnd-interactive-shared",
  "version": "1.0.24",
  "lockfileVersion": 3,
  "requires": true,
  "packages": {
    "": {
      "name": "dnd-interactive-shared",
      "version": "1.0.24",
      "license": "ISC",
      "dependencies": {
        "colyseus.js": "^0.15.26"
      },
      "devDependencies": {
        "typescript": "^5.6.3"
      }
    },
    "node_modules/@colyseus/schema": {
      "version": "2.0.35",
      "resolved": "https://registry.npmjs.org/@colyseus/schema/-/schema-2.0.35.tgz",
      "integrity": "sha512-Bc1dyKCPfjDpm126r6f6qu8/Q+BXcJMd9foVfR3k7YCxRm3HnN7LNqUx1nkL9/WgLVeFSItoJIqN7AxmNYzn9w==",
      "bin": {
        "schema-codegen": "bin/schema-codegen"
      }
    },
    "node_modules/colyseus.js": {
      "version": "0.15.26",
      "resolved": "https://registry.npmjs.org/colyseus.js/-/colyseus.js-0.15.26.tgz",
      "integrity": "sha512-FH4sloxkVLHpLJ7+KC8nCAJ5BXgeyL8RfgzhSbm1sLVSJ91hs+ji0C8TqifwYWQa+oSE5Vr5J4r4vcIG2zM5gw==",
      "dependencies": {
        "@colyseus/schema": "^2.0.4",
        "httpie": "^2.0.0-next.13",
        "tslib": "^2.1.0",
        "ws": "^8.13.0"
      },
      "engines": {
        "node": ">= 12.x"
      },
      "funding": {
        "url": "https://github.com/sponsors/endel"
      }
    },
    "node_modules/httpie": {
      "version": "2.0.0-next.13",
      "resolved": "https://registry.npmjs.org/httpie/-/httpie-2.0.0-next.13.tgz",
      "integrity": "sha512-KbKOnq8wt0hVEfteYCSnEsPgzaWxcVc4qZ4OaDU9mVOYLRo3XChjWs3MiuRgFu5y+4JDo7sDKdKzkAn1ljQYFA==",
      "engines": {
        "node": ">=10"
      }
    },
    "node_modules/tslib": {
      "version": "2.8.0",
      "resolved": "https://registry.npmjs.org/tslib/-/tslib-2.8.0.tgz",
      "integrity": "sha512-jWVzBLplnCmoaTr13V9dYbiQ99wvZRd0vNWaDRg+aVYRcjDF3nDksxFDE/+fkXnKhpnUUkmx5pK/v8mCtLVqZA=="
    },
    "node_modules/typescript": {
      "version": "5.6.3",
      "resolved": "https://registry.npmjs.org/typescript/-/typescript-5.6.3.tgz",
      "integrity": "sha512-hjcS1mhfuyi4WW8IWtjP7brDrG2cuDZukyrYrSauoXGNgx0S7zceP07adYkJycEr56BOUTNPzbInooiN3fn1qw==",
      "dev": true,
      "bin": {
        "tsc": "bin/tsc",
        "tsserver": "bin/tsserver"
      },
      "engines": {
        "node": ">=14.17"
      }
    },
    "node_modules/ws": {
      "version": "8.18.0",
      "resolved": "https://registry.npmjs.org/ws/-/ws-8.18.0.tgz",
      "integrity": "sha512-8VbfWfHLbbwu3+N6OKsOMpBdT4kXPDDB9cJk2bJ6mh9ucxdlnNvH1e+roYkKmN9Nxw2yjz7VzeO9oOz2zJ04Pw==",
      "engines": {
        "node": ">=10.0.0"
      },
      "peerDependencies": {
        "bufferutil": "^4.0.1",
        "utf-8-validate": ">=5.0.2"
      },
      "peerDependenciesMeta": {
        "bufferutil": {
          "optional": true
        },
        "utf-8-validate": {
          "optional": true
        }
      }
    }
  }
}
